{
    "_readme": [
        "This file locks the dependencies of your project to a known state",
        "Read more about it at https://getcomposer.org/doc/01-basic-usage.md#composer-lock-the-lock-file",
        "This file is @generated automatically"
    ],
    "hash": "11e03de402ab34ec3b2b52e3fe0c517e",
    "content-hash": "da3aef6e82d5f3def9d945cb51984f29",
    "packages": [
        {
            "name": "atk4/atk4",
            "version": "4.3.2",
            "source": {
                "type": "git",
                "url": "https://github.com/atk4/atk4.git",
                "reference": "0eb774a28165db5cca5b0520851d212f11ade6f9"
            },
            "dist": {
                "type": "zip",
                "url": "https://api.github.com/repos/atk4/atk4/zipball/0eb774a28165db5cca5b0520851d212f11ade6f9",
                "reference": "0eb774a28165db5cca5b0520851d212f11ade6f9",
                "shasum": ""
            },
            "type": "library",
            "autoload": {
                "psr-0": {
                    "": "lib/"
                },
                "files": [
                    "/lib/static.php"
                ]
            },
            "notification-url": "https://packagist.org/downloads/",
            "license": [
                "MIT"
            ],
            "homepage": "https://agiletoolkit.org/",
            "keywords": [
                "atk4",
                "framework"
            ],
            "time": "2016-02-29 12:21:49"
        }
    ],
    "packages-dev": [],
    "aliases": [],
    "minimum-stability": "stable",
    "stability-flags": [],
    "prefer-stable": false,
    "prefer-lowest": false,
    "platform": [],
    "platform-dev": []
}
